// !$*UTF8*$!
{
	archiveVersion = 1;
	classes = {
	};
	objectVersion = 46;
	objects = {

/* Begin PBXBuildFile section */
		721B4D701222ADFA78E2ABE7 /* Pods_Networking.framework in Frameworks */ = {isa = PBXBuildFile; fileRef = 563F55A5B037EC717BDC53A4 /* Pods_Networking.framework */; };
		D032148D1F3EB75E00F5B298 /* AppDelegate.swift in Sources */ = {isa = PBXBuildFile; fileRef = D032148C1F3EB75E00F5B298 /* AppDelegate.swift */; };
		D032148F1F3EB75E00F5B298 /* SignInVC.swift in Sources */ = {isa = PBXBuildFile; fileRef = D032148E1F3EB75E00F5B298 /* SignInVC.swift */; };
		D03214921F3EB75E00F5B298 /* Main.storyboard in Resources */ = {isa = PBXBuildFile; fileRef = D03214901F3EB75E00F5B298 /* Main.storyboard */; };
		D03214941F3EB75E00F5B298 /* Assets.xcassets in Resources */ = {isa = PBXBuildFile; fileRef = D03214931F3EB75E00F5B298 /* Assets.xcassets */; };
		D03214971F3EB75E00F5B298 /* LaunchScreen.storyboard in Resources */ = {isa = PBXBuildFile; fileRef = D03214951F3EB75E00F5B298 /* LaunchScreen.storyboard */; };
		D03214A21F3EB75E00F5B298 /* NetworkingTests.swift in Sources */ = {isa = PBXBuildFile; fileRef = D03214A11F3EB75E00F5B298 /* NetworkingTests.swift */; };
		D03214AD1F3EBE0500F5B298 /* GoogleService-Info.plist in Resources */ = {isa = PBXBuildFile; fileRef = D03214AC1F3EBE0500F5B298 /* GoogleService-Info.plist */; };
		D038D2821F4289040007CBA9 /* ImageExtensions.swift in Sources */ = {isa = PBXBuildFile; fileRef = D038D2811F4289040007CBA9 /* ImageExtensions.swift */; };
		D038D2841F4289940007CBA9 /* TextFieldExtensions.swift in Sources */ = {isa = PBXBuildFile; fileRef = D038D2831F4289940007CBA9 /* TextFieldExtensions.swift */; };
		D038D2861F4293C30007CBA9 /* FBButton.swift in Sources */ = {isa = PBXBuildFile; fileRef = D038D2851F4293C30007CBA9 /* FBButton.swift */; };
		D038D2891F4294380007CBA9 /* Contants.swift in Sources */ = {isa = PBXBuildFile; fileRef = D038D2881F4294380007CBA9 /* Contants.swift */; };
		D038D28F1F42B85B0007CBA9 /* NewAccVC.swift in Sources */ = {isa = PBXBuildFile; fileRef = D038D28E1F42B85B0007CBA9 /* NewAccVC.swift */; };
/* End PBXBuildFile section */

/* Begin PBXContainerItemProxy section */
		D032149E1F3EB75E00F5B298 /* PBXContainerItemProxy */ = {
			isa = PBXContainerItemProxy;
			containerPortal = D03214811F3EB75E00F5B298 /* Project object */;
			proxyType = 1;
			remoteGlobalIDString = D03214881F3EB75E00F5B298;
			remoteInfo = Networking;
		};
/* End PBXContainerItemProxy section */

/* Begin PBXFileReference section */
		563F55A5B037EC717BDC53A4 /* Pods_Networking.framework */ = {isa = PBXFileReference; explicitFileType = wrapper.framework; includeInIndex = 0; path = Pods_Networking.framework; sourceTree = BUILT_PRODUCTS_DIR; };
		C132AD9685ABB96EB2C8E72D /* Pods-Networking.debug.xcconfig */ = {isa = PBXFileReference; includeInIndex = 1; lastKnownFileType = text.xcconfig; name = "Pods-Networking.debug.xcconfig"; path = "Pods/Target Support Files/Pods-Networking/Pods-Networking.debug.xcconfig"; sourceTree = "<group>"; };
		CCBB5FC8AD8943197C6CE076 /* Pods-Networking.release.xcconfig */ = {isa = PBXFileReference; includeInIndex = 1; lastKnownFileType = text.xcconfig; name = "Pods-Networking.release.xcconfig"; path = "Pods/Target Support Files/Pods-Networking/Pods-Networking.release.xcconfig"; sourceTree = "<group>"; };
		D03214891F3EB75E00F5B298 /* Networking.app */ = {isa = PBXFileReference; explicitFileType = wrapper.application; includeInIndex = 0; path = Networking.app; sourceTree = BUILT_PRODUCTS_DIR; };
		D032148C1F3EB75E00F5B298 /* AppDelegate.swift */ = {isa = PBXFileReference; lastKnownFileType = sourcecode.swift; path = AppDelegate.swift; sourceTree = "<group>"; };
		D032148E1F3EB75E00F5B298 /* SignInVC.swift */ = {isa = PBXFileReference; lastKnownFileType = sourcecode.swift; path = SignInVC.swift; sourceTree = "<group>"; };
		D03214911F3EB75E00F5B298 /* Base */ = {isa = PBXFileReference; lastKnownFileType = file.storyboard; name = Base; path = Base.lproj/Main.storyboard; sourceTree = "<group>"; };
		D03214931F3EB75E00F5B298 /* Assets.xcassets */ = {isa = PBXFileReference; lastKnownFileType = folder.assetcatalog; path = Assets.xcassets; sourceTree = "<group>"; };
		D03214961F3EB75E00F5B298 /* Base */ = {isa = PBXFileReference; lastKnownFileType = file.storyboard; name = Base; path = Base.lproj/LaunchScreen.storyboard; sourceTree = "<group>"; };
		D03214981F3EB75E00F5B298 /* Info.plist */ = {isa = PBXFileReference; lastKnownFileType = text.plist.xml; path = Info.plist; sourceTree = "<group>"; };
		D032149D1F3EB75E00F5B298 /* NetworkingTests.xctest */ = {isa = PBXFileReference; explicitFileType = wrapper.cfbundle; includeInIndex = 0; path = NetworkingTests.xctest; sourceTree = BUILT_PRODUCTS_DIR; };
		D03214A11F3EB75E00F5B298 /* NetworkingTests.swift */ = {isa = PBXFileReference; lastKnownFileType = sourcecode.swift; path = NetworkingTests.swift; sourceTree = "<group>"; };
		D03214A31F3EB75E00F5B298 /* Info.plist */ = {isa = PBXFileReference; lastKnownFileType = text.plist.xml; path = Info.plist; sourceTree = "<group>"; };
		D03214AC1F3EBE0500F5B298 /* GoogleService-Info.plist */ = {isa = PBXFileReference; fileEncoding = 4; lastKnownFileType = text.plist.xml; path = "GoogleService-Info.plist"; sourceTree = "<group>"; };
		D038D2811F4289040007CBA9 /* ImageExtensions.swift */ = {isa = PBXFileReference; fileEncoding = 4; lastKnownFileType = sourcecode.swift; path = ImageExtensions.swift; sourceTree = "<group>"; };
		D038D2831F4289940007CBA9 /* TextFieldExtensions.swift */ = {isa = PBXFileReference; fileEncoding = 4; lastKnownFileType = sourcecode.swift; path = TextFieldExtensions.swift; sourceTree = "<group>"; };
		D038D2851F4293C30007CBA9 /* FBButton.swift */ = {isa = PBXFileReference; fileEncoding = 4; lastKnownFileType = sourcecode.swift; path = FBButton.swift; sourceTree = "<group>"; };
		D038D2881F4294380007CBA9 /* Contants.swift */ = {isa = PBXFileReference; fileEncoding = 4; lastKnownFileType = sourcecode.swift; path = Contants.swift; sourceTree = "<group>"; };
		D038D28E1F42B85B0007CBA9 /* NewAccVC.swift */ = {isa = PBXFileReference; fileEncoding = 4; lastKnownFileType = sourcecode.swift; path = NewAccVC.swift; sourceTree = "<group>"; };
/* End PBXFileReference section */

/* Begin PBXFrameworksBuildPhase section */
		D03214861F3EB75E00F5B298 /* Frameworks */ = {
			isa = PBXFrameworksBuildPhase;
			buildActionMask = 2147483647;
			files = (
				721B4D701222ADFA78E2ABE7 /* Pods_Networking.framework in Frameworks */,
			);
			runOnlyForDeploymentPostprocessing = 0;
		};
		D032149A1F3EB75E00F5B298 /* Frameworks */ = {
			isa = PBXFrameworksBuildPhase;
			buildActionMask = 2147483647;
			files = (
			);
			runOnlyForDeploymentPostprocessing = 0;
		};
/* End PBXFrameworksBuildPhase section */

/* Begin PBXGroup section */
		D03214801F3EB75E00F5B298 = {
			isa = PBXGroup;
			children = (
				D032148B1F3EB75E00F5B298 /* Networking */,
				D03214A01F3EB75E00F5B298 /* NetworkingTests */,
				D032148A1F3EB75E00F5B298 /* Products */,
				DF49E6A974105E7ED5BCB73F /* Pods */,
				F290B28749E2B95E968E6EE0 /* Frameworks */,
			);
			sourceTree = "<group>";
		};
		D032148A1F3EB75E00F5B298 /* Products */ = {
			isa = PBXGroup;
			children = (
				D03214891F3EB75E00F5B298 /* Networking.app */,
				D032149D1F3EB75E00F5B298 /* NetworkingTests.xctest */,
			);
			name = Products;
			sourceTree = "<group>";
		};
		D032148B1F3EB75E00F5B298 /* Networking */ = {
			isa = PBXGroup;
			children = (
				D038D2871F42942C0007CBA9 /* Util */,
				D03214B01F3EC27100F5B298 /* Model */,
				D03214AF1F3EC26800F5B298 /* View */,
				D03214AE1F3EC26000F5B298 /* Controller */,
				D032148C1F3EB75E00F5B298 /* AppDelegate.swift */,
				D03214901F3EB75E00F5B298 /* Main.storyboard */,
				D03214AC1F3EBE0500F5B298 /* GoogleService-Info.plist */,
				D03214931F3EB75E00F5B298 /* Assets.xcassets */,
				D03214951F3EB75E00F5B298 /* LaunchScreen.storyboard */,
				D03214981F3EB75E00F5B298 /* Info.plist */,
			);
			path = Networking;
			sourceTree = "<group>";
		};
		D03214A01F3EB75E00F5B298 /* NetworkingTests */ = {
			isa = PBXGroup;
			children = (
				D03214A11F3EB75E00F5B298 /* NetworkingTests.swift */,
				D03214A31F3EB75E00F5B298 /* Info.plist */,
			);
			path = NetworkingTests;
			sourceTree = "<group>";
		};
		D03214AE1F3EC26000F5B298 /* Controller */ = {
			isa = PBXGroup;
			children = (
				D032148E1F3EB75E00F5B298 /* SignInVC.swift */,
				D038D28E1F42B85B0007CBA9 /* NewAccVC.swift */,
			);
			name = Controller;
			sourceTree = "<group>";
		};
		D03214AF1F3EC26800F5B298 /* View */ = {
			isa = PBXGroup;
			children = (
				D038D2851F4293C30007CBA9 /* FBButton.swift */,
			);
			name = View;
			sourceTree = "<group>";
		};
		D03214B01F3EC27100F5B298 /* Model */ = {
			isa = PBXGroup;
			children = (
				D038D2811F4289040007CBA9 /* ImageExtensions.swift */,
				D038D2831F4289940007CBA9 /* TextFieldExtensions.swift */,
			);
			name = Model;
			sourceTree = "<group>";
		};
		D038D2871F42942C0007CBA9 /* Util */ = {
			isa = PBXGroup;
			children = (
				D038D2881F4294380007CBA9 /* Contants.swift */,
			);
			name = Util;
			sourceTree = "<group>";
		};
		DF49E6A974105E7ED5BCB73F /* Pods */ = {
			isa = PBXGroup;
			children = (
				C132AD9685ABB96EB2C8E72D /* Pods-Networking.debug.xcconfig */,
				CCBB5FC8AD8943197C6CE076 /* Pods-Networking.release.xcconfig */,
			);
			name = Pods;
			sourceTree = "<group>";
		};
		F290B28749E2B95E968E6EE0 /* Frameworks */ = {
			isa = PBXGroup;
			children = (
				563F55A5B037EC717BDC53A4 /* Pods_Networking.framework */,
			);
			name = Frameworks;
			sourceTree = "<group>";
		};
/* End PBXGroup section */

/* Begin PBXNativeTarget section */
		D03214881F3EB75E00F5B298 /* Networking */ = {
			isa = PBXNativeTarget;
			buildConfigurationList = D03214A61F3EB75E00F5B298 /* Build configuration list for PBXNativeTarget "Networking" */;
			buildPhases = (
				EBD16C687188E02F67949AA2 /* [CP] Check Pods Manifest.lock */,
				D03214851F3EB75E00F5B298 /* Sources */,
				D03214861F3EB75E00F5B298 /* Frameworks */,
				D03214871F3EB75E00F5B298 /* Resources */,
				1EC6988751552BCD498F54DB /* [CP] Embed Pods Frameworks */,
				CA322B79DE592C95A5AC88AD /* [CP] Copy Pods Resources */,
			);
			buildRules = (
			);
			dependencies = (
			);
			name = Networking;
			productName = Networking;
			productReference = D03214891F3EB75E00F5B298 /* Networking.app */;
			productType = "com.apple.product-type.application";
		};
		D032149C1F3EB75E00F5B298 /* NetworkingTests */ = {
			isa = PBXNativeTarget;
			buildConfigurationList = D03214A91F3EB75E00F5B298 /* Build configuration list for PBXNativeTarget "NetworkingTests" */;
			buildPhases = (
				D03214991F3EB75E00F5B298 /* Sources */,
				D032149A1F3EB75E00F5B298 /* Frameworks */,
				D032149B1F3EB75E00F5B298 /* Resources */,
			);
			buildRules = (
			);
			dependencies = (
				D032149F1F3EB75E00F5B298 /* PBXTargetDependency */,
			);
			name = NetworkingTests;
			productName = NetworkingTests;
			productReference = D032149D1F3EB75E00F5B298 /* NetworkingTests.xctest */;
			productType = "com.apple.product-type.bundle.unit-test";
		};
/* End PBXNativeTarget section */

/* Begin PBXProject section */
		D03214811F3EB75E00F5B298 /* Project object */ = {
			isa = PBXProject;
			attributes = {
				LastSwiftUpdateCheck = 0830;
				LastUpgradeCheck = 0830;
				ORGANIZATIONNAME = "Jose Tapizquent";
				TargetAttributes = {
					D03214881F3EB75E00F5B298 = {
						CreatedOnToolsVersion = 8.3.3;
						DevelopmentTeam = A58859Q3MF;
						ProvisioningStyle = Automatic;
					};
					D032149C1F3EB75E00F5B298 = {
						CreatedOnToolsVersion = 8.3.3;
						DevelopmentTeam = A58859Q3MF;
						ProvisioningStyle = Automatic;
						TestTargetID = D03214881F3EB75E00F5B298;
					};
				};
			};
			buildConfigurationList = D03214841F3EB75E00F5B298 /* Build configuration list for PBXProject "Networking" */;
			compatibilityVersion = "Xcode 3.2";
			developmentRegion = English;
			hasScannedForEncodings = 0;
			knownRegions = (
				en,
				Base,
			);
			mainGroup = D03214801F3EB75E00F5B298;
			productRefGroup = D032148A1F3EB75E00F5B298 /* Products */;
			projectDirPath = "";
			projectRoot = "";
			targets = (
				D03214881F3EB75E00F5B298 /* Networking */,
				D032149C1F3EB75E00F5B298 /* NetworkingTests */,
			);
		};
/* End PBXProject section */

/* Begin PBXResourcesBuildPhase section */
		D03214871F3EB75E00F5B298 /* Resources */ = {
			isa = PBXResourcesBuildPhase;
			buildActionMask = 2147483647;
			files = (
				D03214971F3EB75E00F5B298 /* LaunchScreen.storyboard in Resources */,
				D03214AD1F3EBE0500F5B298 /* GoogleService-Info.plist in Resources */,
				D03214941F3EB75E00F5B298 /* Assets.xcassets in Resources */,
				D03214921F3EB75E00F5B298 /* Main.storyboard in Resources */,
			);
			runOnlyForDeploymentPostprocessing = 0;
		};
		D032149B1F3EB75E00F5B298 /* Resources */ = {
			isa = PBXResourcesBuildPhase;
			buildActionMask = 2147483647;
			files = (
			);
			runOnlyForDeploymentPostprocessing = 0;
		};
/* End PBXResourcesBuildPhase section */

/* Begin PBXShellScriptBuildPhase section */
		1EC6988751552BCD498F54DB /* [CP] Embed Pods Frameworks */ = {
			isa = PBXShellScriptBuildPhase;
			buildActionMask = 2147483647;
			files = (
			);
			inputPaths = (
			);
			name = "[CP] Embed Pods Frameworks";
			outputPaths = (
			);
			runOnlyForDeploymentPostprocessing = 0;
			shellPath = /bin/sh;
			shellScript = "\"${SRCROOT}/Pods/Target Support Files/Pods-Networking/Pods-Networking-frameworks.sh\"\n";
			showEnvVarsInLog = 0;
		};
		CA322B79DE592C95A5AC88AD /* [CP] Copy Pods Resources */ = {
			isa = PBXShellScriptBuildPhase;
			buildActionMask = 2147483647;
			files = (
			);
			inputPaths = (
			);
			name = "[CP] Copy Pods Resources";
			outputPaths = (
			);
			runOnlyForDeploymentPostprocessing = 0;
			shellPath = /bin/sh;
			shellScript = "\"${SRCROOT}/Pods/Target Support Files/Pods-Networking/Pods-Networking-resources.sh\"\n";
			showEnvVarsInLog = 0;
		};
		EBD16C687188E02F67949AA2 /* [CP] Check Pods Manifest.lock */ = {
			isa = PBXShellScriptBuildPhase;
			buildActionMask = 2147483647;
			files = (
			);
			inputPaths = (
			);
			name = "[CP] Check Pods Manifest.lock";
			outputPaths = (
			);
			runOnlyForDeploymentPostprocessing = 0;
			shellPath = /bin/sh;
			shellScript = "diff \"${PODS_PODFILE_DIR_PATH}/Podfile.lock\" \"${PODS_ROOT}/Manifest.lock\" > /dev/null\nif [ $? != 0 ] ; then\n    # print error to STDERR\n    echo \"error: The sandbox is not in sync with the Podfile.lock. Run 'pod install' or update your CocoaPods installation.\" >&2\n    exit 1\nfi\n";
			showEnvVarsInLog = 0;
		};
/* End PBXShellScriptBuildPhase section */

/* Begin PBXSourcesBuildPhase section */
		D03214851F3EB75E00F5B298 /* Sources */ = {
			isa = PBXSourcesBuildPhase;
			buildActionMask = 2147483647;
			files = (
				D038D28F1F42B85B0007CBA9 /* NewAccVC.swift in Sources */,
				D038D2821F4289040007CBA9 /* ImageExtensions.swift in Sources */,
				D038D2841F4289940007CBA9 /* TextFieldExtensions.swift in Sources */,
				D032148F1F3EB75E00F5B298 /* SignInVC.swift in Sources */,
				D038D2861F4293C30007CBA9 /* FBButton.swift in Sources */,
				D032148D1F3EB75E00F5B298 /* AppDelegate.swift in Sources */,
				D038D2891F4294380007CBA9 /* Contants.swift in Sources */,
			);
			runOnlyForDeploymentPostprocessing = 0;
		};
		D03214991F3EB75E00F5B298 /* Sources */ = {
			isa = PBXSourcesBuildPhase;
			buildActionMask = 2147483647;
			files = (
				D03214A21F3EB75E00F5B298 /* NetworkingTests.swift in Sources */,
			);
			runOnlyForDeploymentPostprocessing = 0;
		};
/* End PBXSourcesBuildPhase section */

/* Begin PBXTargetDependency section */
		D032149F1F3EB75E00F5B298 /* PBXTargetDependency */ = {
			isa = PBXTargetDependency;
			target = D03214881F3EB75E00F5B298 /* Networking */;
			targetProxy = D032149E1F3EB75E00F5B298 /* PBXContainerItemProxy */;
		};
/* End PBXTargetDependency section */

/* Begin PBXVariantGroup section */
		D03214901F3EB75E00F5B298 /* Main.storyboard */ = {
			isa = PBXVariantGroup;
			children = (
				D03214911F3EB75E00F5B298 /* Base */,
			);
			name = Main.storyboard;
			sourceTree = "<group>";
		};
		D03214951F3EB75E00F5B298 /* LaunchScreen.storyboard */ = {
			isa = PBXVariantGroup;
			children = (
				D03214961F3EB75E00F5B298 /* Base */,
			);
			name = LaunchScreen.storyboard;
			sourceTree = "<group>";
		};
/* End PBXVariantGroup section */

/* Begin XCBuildConfiguration section */
		D03214A41F3EB75E00F5B298 /* Debug */ = {
			isa = XCBuildConfiguration;
			buildSettings = {
				ALWAYS_SEARCH_USER_PATHS = NO;
				CLANG_ANALYZER_NONNULL = YES;
				CLANG_ANALYZER_NUMBER_OBJECT_CONVERSION = YES_AGGRESSIVE;
				CLANG_CXX_LANGUAGE_STANDARD = "gnu++0x";
				CLANG_CXX_LIBRARY = "libc++";
				CLANG_ENABLE_MODULES = YES;
				CLANG_ENABLE_OBJC_ARC = YES;
				CLANG_WARN_BOOL_CONVERSION = YES;
				CLANG_WARN_CONSTANT_CONVERSION = YES;
				CLANG_WARN_DIRECT_OBJC_ISA_USAGE = YES_ERROR;
				CLANG_WARN_DOCUMENTATION_COMMENTS = YES;
				CLANG_WARN_EMPTY_BODY = YES;
				CLANG_WARN_ENUM_CONVERSION = YES;
				CLANG_WARN_INFINITE_RECURSION = YES;
				CLANG_WARN_INT_CONVERSION = YES;
				CLANG_WARN_OBJC_ROOT_CLASS = YES_ERROR;
				CLANG_WARN_SUSPICIOUS_MOVE = YES;
				CLANG_WARN_UNREACHABLE_CODE = YES;
				CLANG_WARN__DUPLICATE_METHOD_MATCH = YES;
				"CODE_SIGN_IDENTITY[sdk=iphoneos*]" = "iPhone Developer";
				COPY_PHASE_STRIP = NO;
				DEBUG_INFORMATION_FORMAT = dwarf;
				ENABLE_STRICT_OBJC_MSGSEND = YES;
				ENABLE_TESTABILITY = YES;
				GCC_C_LANGUAGE_STANDARD = gnu99;
				GCC_DYNAMIC_NO_PIC = NO;
				GCC_NO_COMMON_BLOCKS = YES;
				GCC_OPTIMIZATION_LEVEL = 0;
				GCC_PREPROCESSOR_DEFINITIONS = (
					"DEBUG=1",
					"$(inherited)",
				);
				GCC_WARN_64_TO_32_BIT_CONVERSION = YES;
				GCC_WARN_ABOUT_RETURN_TYPE = YES_ERROR;
				GCC_WARN_UNDECLARED_SELECTOR = YES;
				GCC_WARN_UNINITIALIZED_AUTOS = YES_AGGRESSIVE;
				GCC_WARN_UNUSED_FUNCTION = YES;
				GCC_WARN_UNUSED_VARIABLE = YES;
				IPHONEOS_DEPLOYMENT_TARGET = 10.3;
				MTL_ENABLE_DEBUG_INFO = YES;
				ONLY_ACTIVE_ARCH = YES;
				SDKROOT = iphoneos;
				SWIFT_ACTIVE_COMPILATION_CONDITIONS = DEBUG;
				SWIFT_OPTIMIZATION_LEVEL = "-Onone";
				TARGETED_DEVICE_FAMILY = "1,2";
			};
			name = Debug;
		};
		D03214A51F3EB75E00F5B298 /* Release */ = {
			isa = XCBuildConfiguration;
			buildSettings = {
				ALWAYS_SEARCH_USER_PATHS = NO;
				CLANG_ANALYZER_NONNULL = YES;
				CLANG_ANALYZER_NUMBER_OBJECT_CONVERSION = YES_AGGRESSIVE;
				CLANG_CXX_LANGUAGE_STANDARD = "gnu++0x";
				CLANG_CXX_LIBRARY = "libc++";
				CLANG_ENABLE_MODULES = YES;
				CLANG_ENABLE_OBJC_ARC = YES;
				CLANG_WARN_BOOL_CONVERSION = YES;
				CLANG_WARN_CONSTANT_CONVERSION = YES;
				CLANG_WARN_DIRECT_OBJC_ISA_USAGE = YES_ERROR;
				CLANG_WARN_DOCUMENTATION_COMMENTS = YES;
				CLANG_WARN_EMPTY_BODY = YES;
				CLANG_WARN_ENUM_CONVERSION = YES;
				CLANG_WARN_INFINITE_RECURSION = YES;
				CLANG_WARN_INT_CONVERSION = YES;
				CLANG_WARN_OBJC_ROOT_CLASS = YES_ERROR;
				CLANG_WARN_SUSPICIOUS_MOVE = YES;
				CLANG_WARN_UNREACHABLE_CODE = YES;
				CLANG_WARN__DUPLICATE_METHOD_MATCH = YES;
				"CODE_SIGN_IDENTITY[sdk=iphoneos*]" = "iPhone Developer";
				COPY_PHASE_STRIP = NO;
				DEBUG_INFORMATION_FORMAT = "dwarf-with-dsym";
				ENABLE_NS_ASSERTIONS = NO;
				ENABLE_STRICT_OBJC_MSGSEND = YES;
				GCC_C_LANGUAGE_STANDARD = gnu99;
				GCC_NO_COMMON_BLOCKS = YES;
				GCC_WARN_64_TO_32_BIT_CONVERSION = YES;
				GCC_WARN_ABOUT_RETURN_TYPE = YES_ERROR;
				GCC_WARN_UNDECLARED_SELECTOR = YES;
				GCC_WARN_UNINITIALIZED_AUTOS = YES_AGGRESSIVE;
				GCC_WARN_UNUSED_FUNCTION = YES;
				GCC_WARN_UNUSED_VARIABLE = YES;
				IPHONEOS_DEPLOYMENT_TARGET = 10.3;
				MTL_ENABLE_DEBUG_INFO = NO;
				SDKROOT = iphoneos;
				SWIFT_OPTIMIZATION_LEVEL = "-Owholemodule";
				TARGETED_DEVICE_FAMILY = "1,2";
				VALIDATE_PRODUCT = YES;
			};
			name = Release;
		};
		D03214A71F3EB75E00F5B298 /* Debug */ = {
			isa = XCBuildConfiguration;
			baseConfigurationReference = C132AD9685ABB96EB2C8E72D /* Pods-Networking.debug.xcconfig */;
			buildSettings = {
				ASSETCATALOG_COMPILER_APPICON_NAME = AppIcon;
				DEVELOPMENT_TEAM = A58859Q3MF;
				INFOPLIST_FILE = Networking/Info.plist;
				LD_RUNPATH_SEARCH_PATHS = "$(inherited) @executable_path/Frameworks";
				PRODUCT_BUNDLE_IDENTIFIER = com.tapizquent.Networking;
				PRODUCT_NAME = "$(TARGET_NAME)";
				SWIFT_VERSION = 3.0;
			};
			name = Debug;
		};
		D03214A81F3EB75E00F5B298 /* Release */ = {
			isa = XCBuildConfiguration;
			baseConfigurationReference = CCBB5FC8AD8943197C6CE076 /* Pods-Networking.release.xcconfig */;
			buildSettings = {
				ASSETCATALOG_COMPILER_APPICON_NAME = AppIcon;
				DEVELOPMENT_TEAM = A58859Q3MF;
				INFOPLIST_FILE = Networking/Info.plist;
				LD_RUNPATH_SEARCH_PATHS = "$(inherited) @executable_path/Frameworks";
				PRODUCT_BUNDLE_IDENTIFIER = com.tapizquent.Networking;
				PRODUCT_NAME = "$(TARGET_NAME)";
				SWIFT_VERSION = 3.0;
			};
			name = Release;
		};
		D03214AA1F3EB75E00F5B298 /* Debug */ = {
			isa = XCBuildConfiguration;
			buildSettings = {
				ALWAYS_EMBED_SWIFT_STANDARD_LIBRARIES = YES;
				BUNDLE_LOADER = "$(TEST_HOST)";
				DEVELOPMENT_TEAM = A58859Q3MF;
				INFOPLIST_FILE = NetworkingTests/Info.plist;
				LD_RUNPATH_SEARCH_PATHS = "$(inherited) @executable_path/Frameworks @loader_path/Frameworks";
				PRODUCT_BUNDLE_IDENTIFIER = com.tapizquent.NetworkingTests;
				PRODUCT_NAME = "$(TARGET_NAME)";
				SWIFT_VERSION = 3.0;
				TEST_HOST = "$(BUILT_PRODUCTS_DIR)/Networking.app/Networking";
			};
			name = Debug;
		};
		D03214AB1F3EB75E00F5B298 /* Release */ = {
			isa = XCBuildConfiguration;
			buildSettings = {
				ALWAYS_EMBED_SWIFT_STANDARD_LIBRARIES = YES;
				BUNDLE_LOADER = "$(TEST_HOST)";
				DEVELOPMENT_TEAM = A58859Q3MF;
				INFOPLIST_FILE = NetworkingTests/Info.plist;
				LD_RUNPATH_SEARCH_PATHS = "$(inherited) @executable_path/Frameworks @loader_path/Frameworks";
				PRODUCT_BUNDLE_IDENTIFIER = com.tapizquent.NetworkingTests;
				PRODUCT_NAME = "$(TARGET_NAME)";
				SWIFT_VERSION = 3.0;
				TEST_HOST = "$(BUILT_PRODUCTS_DIR)/Networking.app/Networking";
			};
			name = Release;
		};
/* End XCBuildConfiguration section */

/* Begin XCConfigurationList section */
		D03214841F3EB75E00F5B298 /* Build configuration list for PBXProject "Networking" */ = {
			isa = XCConfigurationList;
			buildConfigurations = (
				D03214A41F3EB75E00F5B298 /* Debug */,
				D03214A51F3EB75E00F5B298 /* Release */,
			);
			defaultConfigurationIsVisible = 0;
			defaultConfigurationName = Release;
		};
		D03214A61F3EB75E00F5B298 /* Build configuration list for PBXNativeTarget "Networking" */ = {
			isa = XCConfigurationList;
			buildConfigurations = (
				D03214A71F3EB75E00F5B298 /* Debug */,
				D03214A81F3EB75E00F5B298 /* Release */,
			);
			defaultConfigurationIsVisible = 0;
			defaultConfigurationName = Release;
		};
		D03214A91F3EB75E00F5B298 /* Build configuration list for PBXNativeTarget "NetworkingTests" */ = {
			isa = XCConfigurationList;
			buildConfigurations = (
				D03214AA1F3EB75E00F5B298 /* Debug */,
				D03214AB1F3EB75E00F5B298 /* Release */,
			);
			defaultConfigurationIsVisible = 0;
			defaultConfigurationName = Release;
		};
/* End XCConfigurationList section */
	};
	rootObject = D03214811F3EB75E00F5B298 /* Project object */;
}
